// !$*UTF8*$!
{
	archiveVersion = 1;
	classes = {
	};
	objectVersion = 77;
	objects = {

/* Begin PBXBuildFile section */
		2A5FDBCF2DFD219800EA2728 /* KeychainSwift in Frameworks */ = {isa = PBXBuildFile; productRef = 2A5FDBCE2DFD219800EA2728 /* KeychainSwift */; };
/* End PBXBuildFile section */

/* Begin PBXContainerItemProxy section */
		2A5FDB7C2DFCF05D00EA2728 /* PBXContainerItemProxy */ = {
			isa = PBXContainerItemProxy;
			containerPortal = 2A5FDB662DFCF05A00EA2728 /* Project object */;
			proxyType = 1;
			remoteGlobalIDString = 2A5FDB6D2DFCF05A00EA2728;
			remoteInfo = GitLook;
		};
		2A5FDB862DFCF05D00EA2728 /* PBXContainerItemProxy */ = {
			isa = PBXContainerItemProxy;
			containerPortal = 2A5FDB662DFCF05A00EA2728 /* Project object */;
			proxyType = 1;
			remoteGlobalIDString = 2A5FDB6D2DFCF05A00EA2728;
			remoteInfo = GitLook;
		};
/* End PBXContainerItemProxy section */

/* Begin PBXFileReference section */
		2A5FDB6E2DFCF05A00EA2728 /* GitLook.app */ = {isa = PBXFileReference; explicitFileType = wrapper.application; includeInIndex = 0; path = GitLook.app; sourceTree = BUILT_PRODUCTS_DIR; };
		2A5FDB7B2DFCF05D00EA2728 /* GitLookTests.xctest */ = {isa = PBXFileReference; explicitFileType = wrapper.cfbundle; includeInIndex = 0; path = GitLookTests.xctest; sourceTree = BUILT_PRODUCTS_DIR; };
		2A5FDB852DFCF05D00EA2728 /* GitLookUITests.xctest */ = {isa = PBXFileReference; explicitFileType = wrapper.cfbundle; includeInIndex = 0; path = GitLookUITests.xctest; sourceTree = BUILT_PRODUCTS_DIR; };
/* End PBXFileReference section */

/* Begin PBXFileSystemSynchronizedRootGroup section */
		2A5FDB702DFCF05A00EA2728 /* GitLook */ = {
			isa = PBXFileSystemSynchronizedRootGroup;
			path = GitLook;
			sourceTree = "<group>";
		};
		2A5FDB7E2DFCF05D00EA2728 /* GitLookTests */ = {
			isa = PBXFileSystemSynchronizedRootGroup;
			path = GitLookTests;
			sourceTree = "<group>";
		};
		2A5FDB882DFCF05D00EA2728 /* GitLookUITests */ = {
			isa = PBXFileSystemSynchronizedRootGroup;
			path = GitLookUITests;
			sourceTree = "<group>";
		};
/* End PBXFileSystemSynchronizedRootGroup section */

/* Begin PBXFrameworksBuildPhase section */
		2A5FDB6B2DFCF05A00EA2728 /* Frameworks */ = {
			isa = PBXFrameworksBuildPhase;
			buildActionMask = 2147483647;
			files = (
				2A5FDBCF2DFD219800EA2728 /* KeychainSwift in Frameworks */,
			);
			runOnlyForDeploymentPostprocessing = 0;
		};
		2A5FDB782DFCF05D00EA2728 /* Frameworks */ = {
			isa = PBXFrameworksBuildPhase;
			buildActionMask = 2147483647;
			files = (
			);
			runOnlyForDeploymentPostprocessing = 0;
		};
		2A5FDB822DFCF05D00EA2728 /* Frameworks */ = {
			isa = PBXFrameworksBuildPhase;
			buildActionMask = 2147483647;
			files = (
			);
			runOnlyForDeploymentPostprocessing = 0;
		};
/* End PBXFrameworksBuildPhase section */

/* Begin PBXGroup section */
		2A5FDB652DFCF05A00EA2728 = {
			isa = PBXGroup;
			children = (
				2A5FDB702DFCF05A00EA2728 /* GitLook */,
				2A5FDB7E2DFCF05D00EA2728 /* GitLookTests */,
				2A5FDB882DFCF05D00EA2728 /* GitLookUITests */,
				2A5FDB6F2DFCF05A00EA2728 /* Products */,
			);
			sourceTree = "<group>";
		};
		2A5FDB6F2DFCF05A00EA2728 /* Products */ = {
			isa = PBXGroup;
			children = (
				2A5FDB6E2DFCF05A00EA2728 /* GitLook.app */,
				2A5FDB7B2DFCF05D00EA2728 /* GitLookTests.xctest */,
				2A5FDB852DFCF05D00EA2728 /* GitLookUITests.xctest */,
			);
			name = Products;
			sourceTree = "<group>";
		};
/* End PBXGroup section */

/* Begin PBXNativeTarget section */
		2A5FDB6D2DFCF05A00EA2728 /* GitLook */ = {
			isa = PBXNativeTarget;
			buildConfigurationList = 2A5FDB8F2DFCF05D00EA2728 /* Build configuration list for PBXNativeTarget "GitLook" */;
			buildPhases = (
				2A5FDB6A2DFCF05A00EA2728 /* Sources */,
				2A5FDB6B2DFCF05A00EA2728 /* Frameworks */,
				2A5FDB6C2DFCF05A00EA2728 /* Resources */,
			);
			buildRules = (
			);
			dependencies = (
			);
			fileSystemSynchronizedGroups = (
				2A5FDB702DFCF05A00EA2728 /* GitLook */,
			);
			name = GitLook;
			packageProductDependencies = (
				2A5FDBCE2DFD219800EA2728 /* KeychainSwift */,
			);
			productName = GitLook;
			productReference = 2A5FDB6E2DFCF05A00EA2728 /* GitLook.app */;
			productType = "com.apple.product-type.application";
		};
		2A5FDB7A2DFCF05D00EA2728 /* GitLookTests */ = {
			isa = PBXNativeTarget;
			buildConfigurationList = 2A5FDB922DFCF05D00EA2728 /* Build configuration list for PBXNativeTarget "GitLookTests" */;
			buildPhases = (
				2A5FDB772DFCF05D00EA2728 /* Sources */,
				2A5FDB782DFCF05D00EA2728 /* Frameworks */,
				2A5FDB792DFCF05D00EA2728 /* Resources */,
			);
			buildRules = (
			);
			dependencies = (
				2A5FDB7D2DFCF05D00EA2728 /* PBXTargetDependency */,
			);
			fileSystemSynchronizedGroups = (
				2A5FDB7E2DFCF05D00EA2728 /* GitLookTests */,
			);
			name = GitLookTests;
			packageProductDependencies = (
			);
			productName = GitLookTests;
			productReference = 2A5FDB7B2DFCF05D00EA2728 /* GitLookTests.xctest */;
			productType = "com.apple.product-type.bundle.unit-test";
		};
		2A5FDB842DFCF05D00EA2728 /* GitLookUITests */ = {
			isa = PBXNativeTarget;
			buildConfigurationList = 2A5FDB952DFCF05D00EA2728 /* Build configuration list for PBXNativeTarget "GitLookUITests" */;
			buildPhases = (
				2A5FDB812DFCF05D00EA2728 /* Sources */,
				2A5FDB822DFCF05D00EA2728 /* Frameworks */,
				2A5FDB832DFCF05D00EA2728 /* Resources */,
			);
			buildRules = (
			);
			dependencies = (
				2A5FDB872DFCF05D00EA2728 /* PBXTargetDependency */,
			);
			fileSystemSynchronizedGroups = (
				2A5FDB882DFCF05D00EA2728 /* GitLookUITests */,
			);
			name = GitLookUITests;
			packageProductDependencies = (
			);
			productName = GitLookUITests;
			productReference = 2A5FDB852DFCF05D00EA2728 /* GitLookUITests.xctest */;
			productType = "com.apple.product-type.bundle.ui-testing";
		};
/* End PBXNativeTarget section */

/* Begin PBXProject section */
		2A5FDB662DFCF05A00EA2728 /* Project object */ = {
			isa = PBXProject;
			attributes = {
				BuildIndependentTargetsInParallel = 1;
				LastSwiftUpdateCheck = 1640;
				LastUpgradeCheck = 1640;
				TargetAttributes = {
					2A5FDB6D2DFCF05A00EA2728 = {
						CreatedOnToolsVersion = 16.4;
					};
					2A5FDB7A2DFCF05D00EA2728 = {
						CreatedOnToolsVersion = 16.4;
						TestTargetID = 2A5FDB6D2DFCF05A00EA2728;
					};
					2A5FDB842DFCF05D00EA2728 = {
						CreatedOnToolsVersion = 16.4;
						TestTargetID = 2A5FDB6D2DFCF05A00EA2728;
					};
				};
			};
			buildConfigurationList = 2A5FDB692DFCF05A00EA2728 /* Build configuration list for PBXProject "GitLook" */;
			developmentRegion = en;
			hasScannedForEncodings = 0;
			knownRegions = (
				en,
				Base,
			);
			mainGroup = 2A5FDB652DFCF05A00EA2728;
			minimizedProjectReferenceProxies = 1;
			packageReferences = (
				2A5FDBCD2DFD219800EA2728 /* XCRemoteSwiftPackageReference "keychain-swift" */,
			);
			preferredProjectObjectVersion = 77;
			productRefGroup = 2A5FDB6F2DFCF05A00EA2728 /* Products */;
			projectDirPath = "";
			projectRoot = "";
			targets = (
				2A5FDB6D2DFCF05A00EA2728 /* GitLook */,
				2A5FDB7A2DFCF05D00EA2728 /* GitLookTests */,
				2A5FDB842DFCF05D00EA2728 /* GitLookUITests */,
			);
		};
/* End PBXProject section */

/* Begin PBXResourcesBuildPhase section */
		2A5FDB6C2DFCF05A00EA2728 /* Resources */ = {
			isa = PBXResourcesBuildPhase;
			buildActionMask = 2147483647;
			files = (
			);
			runOnlyForDeploymentPostprocessing = 0;
		};
		2A5FDB792DFCF05D00EA2728 /* Resources */ = {
			isa = PBXResourcesBuildPhase;
			buildActionMask = 2147483647;
			files = (
			);
			runOnlyForDeploymentPostprocessing = 0;
		};
		2A5FDB832DFCF05D00EA2728 /* Resources */ = {
			isa = PBXResourcesBuildPhase;
			buildActionMask = 2147483647;
			files = (
			);
			runOnlyForDeploymentPostprocessing = 0;
		};
/* End PBXResourcesBuildPhase section */

/* Begin PBXSourcesBuildPhase section */
		2A5FDB6A2DFCF05A00EA2728 /* Sources */ = {
			isa = PBXSourcesBuildPhase;
			buildActionMask = 2147483647;
			files = (
			);
			runOnlyForDeploymentPostprocessing = 0;
		};
		2A5FDB772DFCF05D00EA2728 /* Sources */ = {
			isa = PBXSourcesBuildPhase;
			buildActionMask = 2147483647;
			files = (
			);
			runOnlyForDeploymentPostprocessing = 0;
		};
		2A5FDB812DFCF05D00EA2728 /* Sources */ = {
			isa = PBXSourcesBuildPhase;
			buildActionMask = 2147483647;
			files = (
			);
			runOnlyForDeploymentPostprocessing = 0;
		};
/* End PBXSourcesBuildPhase section */

/* Begin PBXTargetDependency section */
		2A5FDB7D2DFCF05D00EA2728 /* PBXTargetDependency */ = {
			isa = PBXTargetDependency;
			target = 2A5FDB6D2DFCF05A00EA2728 /* GitLook */;
			targetProxy = 2A5FDB7C2DFCF05D00EA2728 /* PBXContainerItemProxy */;
		};
		2A5FDB872DFCF05D00EA2728 /* PBXTargetDependency */ = {
			isa = PBXTargetDependency;
			target = 2A5FDB6D2DFCF05A00EA2728 /* GitLook */;
			targetProxy = 2A5FDB862DFCF05D00EA2728 /* PBXContainerItemProxy */;
		};
/* End PBXTargetDependency section */

/* Begin XCBuildConfiguration section */
		2A5FDB8D2DFCF05D00EA2728 /* Debug */ = {
			isa = XCBuildConfiguration;
			buildSettings = {
				ALWAYS_SEARCH_USER_PATHS = NO;
				ASSETCATALOG_COMPILER_GENERATE_SWIFT_ASSET_SYMBOL_EXTENSIONS = YES;
				CLANG_ANALYZER_NONNULL = YES;
				CLANG_ANALYZER_NUMBER_OBJECT_CONVERSION = YES_AGGRESSIVE;
				CLANG_CXX_LANGUAGE_STANDARD = "gnu++20";
				CLANG_ENABLE_MODULES = YES;
				CLANG_ENABLE_OBJC_ARC = YES;
				CLANG_ENABLE_OBJC_WEAK = YES;
				CLANG_WARN_BLOCK_CAPTURE_AUTORELEASING = YES;
				CLANG_WARN_BOOL_CONVERSION = YES;
				CLANG_WARN_COMMA = YES;
				CLANG_WARN_CONSTANT_CONVERSION = YES;
				CLANG_WARN_DEPRECATED_OBJC_IMPLEMENTATIONS = YES;
				CLANG_WARN_DIRECT_OBJC_ISA_USAGE = YES_ERROR;
				CLANG_WARN_DOCUMENTATION_COMMENTS = YES;
				CLANG_WARN_EMPTY_BODY = YES;
				CLANG_WARN_ENUM_CONVERSION = YES;
				CLANG_WARN_INFINITE_RECURSION = YES;
				CLANG_WARN_INT_CONVERSION = YES;
				CLANG_WARN_NON_LITERAL_NULL_CONVERSION = YES;
				CLANG_WARN_OBJC_IMPLICIT_RETAIN_SELF = YES;
				CLANG_WARN_OBJC_LITERAL_CONVERSION = YES;
				CLANG_WARN_OBJC_ROOT_CLASS = YES_ERROR;
				CLANG_WARN_QUOTED_INCLUDE_IN_FRAMEWORK_HEADER = YES;
				CLANG_WARN_RANGE_LOOP_ANALYSIS = YES;
				CLANG_WARN_STRICT_PROTOTYPES = YES;
				CLANG_WARN_SUSPICIOUS_MOVE = YES;
				CLANG_WARN_UNGUARDED_AVAILABILITY = YES_AGGRESSIVE;
				CLANG_WARN_UNREACHABLE_CODE = YES;
				CLANG_WARN__DUPLICATE_METHOD_MATCH = YES;
				COPY_PHASE_STRIP = NO;
				DEBUG_INFORMATION_FORMAT = dwarf;
				DEVELOPMENT_TEAM = A2DG36F74W;
				ENABLE_STRICT_OBJC_MSGSEND = YES;
				ENABLE_TESTABILITY = YES;
				ENABLE_USER_SCRIPT_SANDBOXING = YES;
				GCC_C_LANGUAGE_STANDARD = gnu17;
				GCC_DYNAMIC_NO_PIC = NO;
				GCC_NO_COMMON_BLOCKS = YES;
				GCC_OPTIMIZATION_LEVEL = 0;
				GCC_PREPROCESSOR_DEFINITIONS = (
					"DEBUG=1",
					"$(inherited)",
				);
				GCC_WARN_64_TO_32_BIT_CONVERSION = YES;
				GCC_WARN_ABOUT_RETURN_TYPE = YES_ERROR;
				GCC_WARN_UNDECLARED_SELECTOR = YES;
				GCC_WARN_UNINITIALIZED_AUTOS = YES_AGGRESSIVE;
				GCC_WARN_UNUSED_FUNCTION = YES;
				GCC_WARN_UNUSED_VARIABLE = YES;
				IPHONEOS_DEPLOYMENT_TARGET = 18.5;
				LOCALIZATION_PREFERS_STRING_CATALOGS = YES;
				MTL_ENABLE_DEBUG_INFO = INCLUDE_SOURCE;
				MTL_FAST_MATH = YES;
				ONLY_ACTIVE_ARCH = YES;
				SDKROOT = iphoneos;
				SWIFT_ACTIVE_COMPILATION_CONDITIONS = "DEBUG $(inherited)";
				SWIFT_OPTIMIZATION_LEVEL = "-Onone";
			};
			name = Debug;
		};
		2A5FDB8E2DFCF05D00EA2728 /* Release */ = {
			isa = XCBuildConfiguration;
			buildSettings = {
				ALWAYS_SEARCH_USER_PATHS = NO;
				ASSETCATALOG_COMPILER_GENERATE_SWIFT_ASSET_SYMBOL_EXTENSIONS = YES;
				CLANG_ANALYZER_NONNULL = YES;
				CLANG_ANALYZER_NUMBER_OBJECT_CONVERSION = YES_AGGRESSIVE;
				CLANG_CXX_LANGUAGE_STANDARD = "gnu++20";
				CLANG_ENABLE_MODULES = YES;
				CLANG_ENABLE_OBJC_ARC = YES;
				CLANG_ENABLE_OBJC_WEAK = YES;
				CLANG_WARN_BLOCK_CAPTURE_AUTORELEASING = YES;
				CLANG_WARN_BOOL_CONVERSION = YES;
				CLANG_WARN_COMMA = YES;
				CLANG_WARN_CONSTANT_CONVERSION = YES;
				CLANG_WARN_DEPRECATED_OBJC_IMPLEMENTATIONS = YES;
				CLANG_WARN_DIRECT_OBJC_ISA_USAGE = YES_ERROR;
				CLANG_WARN_DOCUMENTATION_COMMENTS = YES;
				CLANG_WARN_EMPTY_BODY = YES;
				CLANG_WARN_ENUM_CONVERSION = YES;
				CLANG_WARN_INFINITE_RECURSION = YES;
				CLANG_WARN_INT_CONVERSION = YES;
				CLANG_WARN_NON_LITERAL_NULL_CONVERSION = YES;
				CLANG_WARN_OBJC_IMPLICIT_RETAIN_SELF = YES;
				CLANG_WARN_OBJC_LITERAL_CONVERSION = YES;
				CLANG_WARN_OBJC_ROOT_CLASS = YES_ERROR;
				CLANG_WARN_QUOTED_INCLUDE_IN_FRAMEWORK_HEADER = YES;
				CLANG_WARN_RANGE_LOOP_ANALYSIS = YES;
				CLANG_WARN_STRICT_PROTOTYPES = YES;
				CLANG_WARN_SUSPICIOUS_MOVE = YES;
				CLANG_WARN_UNGUARDED_AVAILABILITY = YES_AGGRESSIVE;
				CLANG_WARN_UNREACHABLE_CODE = YES;
				CLANG_WARN__DUPLICATE_METHOD_MATCH = YES;
				COPY_PHASE_STRIP = NO;
				DEBUG_INFORMATION_FORMAT = "dwarf-with-dsym";
				DEVELOPMENT_TEAM = A2DG36F74W;
				ENABLE_NS_ASSERTIONS = NO;
				ENABLE_STRICT_OBJC_MSGSEND = YES;
				ENABLE_USER_SCRIPT_SANDBOXING = YES;
				GCC_C_LANGUAGE_STANDARD = gnu17;
				GCC_NO_COMMON_BLOCKS = YES;
				GCC_WARN_64_TO_32_BIT_CONVERSION = YES;
				GCC_WARN_ABOUT_RETURN_TYPE = YES_ERROR;
				GCC_WARN_UNDECLARED_SELECTOR = YES;
				GCC_WARN_UNINITIALIZED_AUTOS = YES_AGGRESSIVE;
				GCC_WARN_UNUSED_FUNCTION = YES;
				GCC_WARN_UNUSED_VARIABLE = YES;
				IPHONEOS_DEPLOYMENT_TARGET = 18.5;
				LOCALIZATION_PREFERS_STRING_CATALOGS = YES;
				MTL_ENABLE_DEBUG_INFO = NO;
				MTL_FAST_MATH = YES;
				SDKROOT = iphoneos;
				SWIFT_COMPILATION_MODE = wholemodule;
				VALIDATE_PRODUCT = YES;
			};
			name = Release;
		};
		2A5FDB902DFCF05D00EA2728 /* Debug */ = {
			isa = XCBuildConfiguration;
			buildSettings = {
				ASSETCATALOG_COMPILER_APPICON_NAME = AppIcon;
				ASSETCATALOG_COMPILER_GLOBAL_ACCENT_COLOR_NAME = AccentColor;
				CODE_SIGN_STYLE = Automatic;
				CURRENT_PROJECT_VERSION = 1;
				DEVELOPMENT_TEAM = A2DG36F74W;
				ENABLE_PREVIEWS = YES;
				GENERATE_INFOPLIST_FILE = YES;
				INFOPLIST_KEY_UIApplicationSceneManifest_Generation = YES;
				INFOPLIST_KEY_UIApplicationSupportsIndirectInputEvents = YES;
				INFOPLIST_KEY_UILaunchScreen_Generation = YES;
				INFOPLIST_KEY_UISupportedInterfaceOrientations_iPad = "UIInterfaceOrientationPortrait UIInterfaceOrientationPortraitUpsideDown UIInterfaceOrientationLandscapeLeft UIInterfaceOrientationLandscapeRight";
				INFOPLIST_KEY_UISupportedInterfaceOrientations_iPhone = "UIInterfaceOrientationPortrait UIInterfaceOrientationLandscapeLeft UIInterfaceOrientationLandscapeRight";
				LD_RUNPATH_SEARCH_PATHS = (
					"$(inherited)",
					"@executable_path/Frameworks",
				);
				MARKETING_VERSION = 1.0;
				PRODUCT_BUNDLE_IDENTIFIER = com.aratech.GitLook;
				PRODUCT_NAME = "$(TARGET_NAME)";
				SWIFT_EMIT_LOC_STRINGS = YES;
				SWIFT_VERSION = 5.0;
				TARGETED_DEVICE_FAMILY = "1,2";
			};
			name = Debug;
		};
		2A5FDB912DFCF05D00EA2728 /* Release */ = {
			isa = XCBuildConfiguration;
			buildSettings = {
				ASSETCATALOG_COMPILER_APPICON_NAME = AppIcon;
				ASSETCATALOG_COMPILER_GLOBAL_ACCENT_COLOR_NAME = AccentColor;
				CODE_SIGN_STYLE = Automatic;
				CURRENT_PROJECT_VERSION = 1;
				DEVELOPMENT_TEAM = A2DG36F74W;
				ENABLE_PREVIEWS = YES;
				GENERATE_INFOPLIST_FILE = YES;
				INFOPLIST_KEY_UIApplicationSceneManifest_Generation = YES;
				INFOPLIST_KEY_UIApplicationSupportsIndirectInputEvents = YES;
				INFOPLIST_KEY_UILaunchScreen_Generation = YES;
				INFOPLIST_KEY_UISupportedInterfaceOrientations_iPad = "UIInterfaceOrientationPortrait UIInterfaceOrientationPortraitUpsideDown UIInterfaceOrientationLandscapeLeft UIInterfaceOrientationLandscapeRight";
				INFOPLIST_KEY_UISupportedInterfaceOrientations_iPhone = "UIInterfaceOrientationPortrait UIInterfaceOrientationLandscapeLeft UIInterfaceOrientationLandscapeRight";
				LD_RUNPATH_SEARCH_PATHS = (
					"$(inherited)",
					"@executable_path/Frameworks",
				);
				MARKETING_VERSION = 1.0;
				PRODUCT_BUNDLE_IDENTIFIER = com.aratech.GitLook;
				PRODUCT_NAME = "$(TARGET_NAME)";
				SWIFT_EMIT_LOC_STRINGS = YES;
				SWIFT_VERSION = 5.0;
				TARGETED_DEVICE_FAMILY = "1,2";
			};
			name = Release;
		};
		2A5FDB932DFCF05D00EA2728 /* Debug */ = {
			isa = XCBuildConfiguration;
			buildSettings = {
				BUNDLE_LOADER = "$(TEST_HOST)";
				CODE_SIGN_STYLE = Automatic;
				CURRENT_PROJECT_VERSION = 1;
				DEVELOPMENT_TEAM = A2DG36F74W;
				GENERATE_INFOPLIST_FILE = YES;
				IPHONEOS_DEPLOYMENT_TARGET = 18.5;
				MARKETING_VERSION = 1.0;
				PRODUCT_BUNDLE_IDENTIFIER = com.aratech.GitLookTests;
				PRODUCT_NAME = "$(TARGET_NAME)";
				SWIFT_EMIT_LOC_STRINGS = NO;
				SWIFT_VERSION = 5.0;
				TARGETED_DEVICE_FAMILY = "1,2";
				TEST_HOST = "$(BUILT_PRODUCTS_DIR)/GitLook.app/$(BUNDLE_EXECUTABLE_FOLDER_PATH)/GitLook";
			};
			name = Debug;
		};
		2A5FDB942DFCF05D00EA2728 /* Release */ = {
			isa = XCBuildConfiguration;
			buildSettings = {
				BUNDLE_LOADER = "$(TEST_HOST)";
				CODE_SIGN_STYLE = Automatic;
				CURRENT_PROJECT_VERSION = 1;
				DEVELOPMENT_TEAM = A2DG36F74W;
				GENERATE_INFOPLIST_FILE = YES;
				IPHONEOS_DEPLOYMENT_TARGET = 18.5;
				MARKETING_VERSION = 1.0;
				PRODUCT_BUNDLE_IDENTIFIER = com.aratech.GitLookTests;
				PRODUCT_NAME = "$(TARGET_NAME)";
				SWIFT_EMIT_LOC_STRINGS = NO;
				SWIFT_VERSION = 5.0;
				TARGETED_DEVICE_FAMILY = "1,2";
				TEST_HOST = "$(BUILT_PRODUCTS_DIR)/GitLook.app/$(BUNDLE_EXECUTABLE_FOLDER_PATH)/GitLook";
			};
			name = Release;
		};
		2A5FDB962DFCF05D00EA2728 /* Debug */ = {
			isa = XCBuildConfiguration;
			buildSettings = {
				CODE_SIGN_STYLE = Automatic;
				CURRENT_PROJECT_VERSION = 1;
				DEVELOPMENT_TEAM = A2DG36F74W;
				GENERATE_INFOPLIST_FILE = YES;
				MARKETING_VERSION = 1.0;
				PRODUCT_BUNDLE_IDENTIFIER = com.aratech.GitLookUITests;
				PRODUCT_NAME = "$(TARGET_NAME)";
				SWIFT_EMIT_LOC_STRINGS = NO;
				SWIFT_VERSION = 5.0;
				TARGETED_DEVICE_FAMILY = "1,2";
				TEST_TARGET_NAME = GitLook;
			};
			name = Debug;
		};
		2A5FDB972DFCF05D00EA2728 /* Release */ = {
			isa = XCBuildConfiguration;
			buildSettings = {
				CODE_SIGN_STYLE = Automatic;
				CURRENT_PROJECT_VERSION = 1;
				DEVELOPMENT_TEAM = A2DG36F74W;
				GENERATE_INFOPLIST_FILE = YES;
				MARKETING_VERSION = 1.0;
				PRODUCT_BUNDLE_IDENTIFIER = com.aratech.GitLookUITests;
				PRODUCT_NAME = "$(TARGET_NAME)";
				SWIFT_EMIT_LOC_STRINGS = NO;
				SWIFT_VERSION = 5.0;
				TARGETED_DEVICE_FAMILY = "1,2";
				TEST_TARGET_NAME = GitLook;
			};
			name = Release;
		};
/* End XCBuildConfiguration section */

/* Begin XCConfigurationList section */
		2A5FDB692DFCF05A00EA2728 /* Build configuration list for PBXProject "GitLook" */ = {
			isa = XCConfigurationList;
			buildConfigurations = (
				2A5FDB8D2DFCF05D00EA2728 /* Debug */,
				2A5FDB8E2DFCF05D00EA2728 /* Release */,
			);
			defaultConfigurationIsVisible = 0;
			defaultConfigurationName = Release;
		};
		2A5FDB8F2DFCF05D00EA2728 /* Build configuration list for PBXNativeTarget "GitLook" */ = {
			isa = XCConfigurationList;
			buildConfigurations = (
				2A5FDB902DFCF05D00EA2728 /* Debug */,
				2A5FDB912DFCF05D00EA2728 /* Release */,
			);
			defaultConfigurationIsVisible = 0;
			defaultConfigurationName = Release;
		};
		2A5FDB922DFCF05D00EA2728 /* Build configuration list for PBXNativeTarget "GitLookTests" */ = {
			isa = XCConfigurationList;
			buildConfigurations = (
				2A5FDB932DFCF05D00EA2728 /* Debug */,
				2A5FDB942DFCF05D00EA2728 /* Release */,
			);
			defaultConfigurationIsVisible = 0;
			defaultConfigurationName = Release;
		};
		2A5FDB952DFCF05D00EA2728 /* Build configuration list for PBXNativeTarget "GitLookUITests" */ = {
			isa = XCConfigurationList;
			buildConfigurations = (
				2A5FDB962DFCF05D00EA2728 /* Debug */,
				2A5FDB972DFCF05D00EA2728 /* Release */,
			);
			defaultConfigurationIsVisible = 0;
			defaultConfigurationName = Release;
		};
/* End XCConfigurationList section */

/* Begin XCRemoteSwiftPackageReference section */
		2A5FDBCD2DFD219800EA2728 /* XCRemoteSwiftPackageReference "keychain-swift" */ = {
			isa = XCRemoteSwiftPackageReference;
			repositoryURL = "https://github.com/evgenyneu/keychain-swift";
			requirement = {
				kind = upToNextMajorVersion;
				minimumVersion = 24.0.0;
			};
		};
/* End XCRemoteSwiftPackageReference section */

/* Begin XCSwiftPackageProductDependency section */
		2A5FDBCE2DFD219800EA2728 /* KeychainSwift */ = {
			isa = XCSwiftPackageProductDependency;
			package = 2A5FDBCD2DFD219800EA2728 /* XCRemoteSwiftPackageReference "keychain-swift" */;
			productName = KeychainSwift;
		};
/* End XCSwiftPackageProductDependency section */
	};
	rootObject = 2A5FDB662DFCF05A00EA2728 /* Project object */;
}
